
Microsoft Visual Studio Solution File, Format Version 12.00
# Visual Studio Version 17
VisualStudioVersion = 17.6.33712.159
MinimumVisualStudioVersion = 10.0.40219.1
Project("{9A19103F-16F7-4668-BE54-9A1E7A4F7556}") = "WorkingWithEFCore", "WorkingWithEFCore\WorkingWithEFCore.csproj", "{8D28927A-13FD-41D1-83C9-018B8D2A401D}"
EndProject
Project("{FAE04EC0-301F-11D3-BF4B-00C04F79EFBC}") = "CoursesAndStudents", "CoursesAndStudents\CoursesAndStudents.csproj", "{414BCD1A-421F-49F3-B06F-EBB4203343C9}"
EndProject
Project("{FAE04EC0-301F-11D3-BF4B-00C04F79EFBC}") = "Exercise02", "Exercise02\Exercise02.csproj", "{72B9FC91-BF91-4245-B046-A472380FBED1}"
EndProject
Global
	GlobalSection(SolutionConfigurationPlatforms) = preSolution
		Debug|Any CPU = Debug|Any CPU
		Release|Any CPU = Release|Any CPU
	EndGlobalSection
	GlobalSection(ProjectConfigurationPlatforms) = postSolution
		{8D28927A-13FD-41D1-83C9-018B8D2A401D}.Debug|Any CPU.ActiveCfg = Debug|Any CPU
		{8D28927A-13FD-41D1-83C9-018B8D2A401D}.Debug|Any CPU.Build.0 = Debug|Any CPU
		{8D28927A-13FD-41D1-83C9-018B8D2A401D}.Release|Any CPU.ActiveCfg = Release|Any CPU
		{8D28927A-13FD-41D1-83C9-018B8D2A401D}.Release|Any CPU.Build.0 = Release|Any CPU
		{414BCD1A-421F-49F3-B06F-EBB4203343C9}.Debug|Any CPU.ActiveCfg = Debug|Any CPU
		{414BCD1A-421F-49F3-B06F-EBB4203343C9}.Debug|Any CPU.Build.0 = Debug|Any CPU
		{414BCD1A-421F-49F3-B06F-EBB4203343C9}.Release|Any CPU.ActiveCfg = Release|Any CPU
		{414BCD1A-421F-49F3-B06F-EBB4203343C9}.Release|Any CPU.Build.0 = Release|Any CPU
		{72B9FC91-BF91-4245-B046-A472380FBED1}.Debug|Any CPU.ActiveCfg = Debug|Any CPU
		{72B9FC91-BF91-4245-B046-A472380FBED1}.Debug|Any CPU.Build.0 = Debug|Any CPU
		{72B9FC91-BF91-4245-B046-A472380FBED1}.Release|Any CPU.ActiveCfg = Release|Any CPU
		{72B9FC91-BF91-4245-B046-A472380FBED1}.Release|Any CPU.Build.0 = Release|Any CPU
	EndGlobalSection
	GlobalSection(SolutionProperties) = preSolution
		HideSolutionNode = FALSE
	EndGlobalSection
	GlobalSection(ExtensibilityGlobals) = postSolution
		SolutionGuid = {12CBD370-A386-4925-ADFE-50353B8583A0}
	EndGlobalSection
EndGlobal
